<?xml version="1.0" encoding="utf-8"?>
<Project ToolsVersion="4.0" xmlns="http://schemas.microsoft.com/developer/msbuild/2003">
  <ItemGroup>
    <Filter Include="Source Files">
      <UniqueIdentifier>{4FC737F1-C7A5-4376-A066-2A32D752A2FF}</UniqueIdentifier>
      <Extensions>cpp;c;cc;cxx;def;odl;idl;hpj;bat;asm;asmx</Extensions>
    </Filter>
    <Filter Include="Header Files">
      <UniqueIdentifier>{93995380-89BD-4b04-88EB-625FBE52EBFB}</UniqueIdentifier>
      <Extensions>h;hpp;hxx;hm;inl;inc;xsd</Extensions>
    </Filter>
    <Filter Include="Resource Files">
      <UniqueIdentifier>{67DA6AB6-F800-4c08-8B7A-83BB121AAD01}</UniqueIdentifier>
      <Extensions>rc;ico;cur;bmp;dlg;rc2;rct;bin;rgs;gif;jpg;jpeg;jpe;resx;tiff;tif;png;wav;mfcribbon-ms</Extensions>
    </Filter>
    <Filter Include="Header Files\Core">
      <UniqueIdentifier>{5384d83e-0f3c-4cc2-b7b9-7cd893eaebdd}</UniqueIdentifier>
    </Filter>
    <Filter Include="Header Files\Math">
      <UniqueIdentifier>{c455b9b3-8e91-4f02-9032-8c32c45d3d9f}</UniqueIdentifier>
    </Filter>
    <Filter Include="Header Files\Assets">
      <UniqueIdentifier>{24773011-ef70-408c-a961-1b37651e7666}</UniqueIdentifier>
    </Filter>
    <Filter Include="Header Files\Drawing">
      <UniqueIdentifier>{1917909b-5fc5-440c-96d3-55a7c9d0ae90}</UniqueIdentifier>
    </Filter>
    <Filter Include="Header Files\Utilities">
      <UniqueIdentifier>{d65e253a-681e-4c10-9fd7-14eec69c2cc1}</UniqueIdentifier>
    </Filter>
    <Filter Include="Source Files\Math">
      <UniqueIdentifier>{46cdb9ea-7add-4121-950a-4f45d6f48da0}</UniqueIdentifier>
    </Filter>
    <Filter Include="Header Files\Graphics">
      <UniqueIdentifier>{e215abe6-9d09-4c5b-b2ec-bd850b58221d}</UniqueIdentifier>
    </Filter>
    <Filter Include="Source Files\Utilities">
      <UniqueIdentifier>{12f960c1-9bdf-40ab-bfef-4aeb28fbeb27}</UniqueIdentifier>
    </Filter>
    <Filter Include="Source Files\Core">
      <UniqueIdentifier>{0cec3ef8-deb2-4747-85f0-b1e3f5d338a1}</UniqueIdentifier>
    </Filter>
    <Filter Include="Source Files\Graphics">
      <UniqueIdentifier>{d6a54b57-9d0f-4264-9d22-86a184566415}</UniqueIdentifier>
    </Filter>
    <Filter Include="Source Files\Assets">
      <UniqueIdentifier>{73e43e5a-0431-45fa-afc7-85416f25ba0f}</UniqueIdentifier>
    </Filter>
    <Filter Include="Header Files\Audio">
      <UniqueIdentifier>{8715282a-7002-4047-a9e1-2abd48b87fef}</UniqueIdentifier>
    </Filter>
    <Filter Include="Source Files\Audio">
      <UniqueIdentifier>{a28ea8ef-b592-48e9-8eaa-2c1015069fe7}</UniqueIdentifier>
    </Filter>
    <Filter Include="Header Files\CoreGraphics">
      <UniqueIdentifier>{c9d471bb-6212-4171-a0fc-22d0c2f9634a}</UniqueIdentifier>
    </Filter>
    <Filter Include="Source Files\CoreGraphics">
      <UniqueIdentifier>{fba4f9ce-6e3c-4948-a8bd-aaf4dcb41114}</UniqueIdentifier>
    </Filter>
  </ItemGroup>
  <ItemGroup>
    <ClInclude Include="include\Zenderer\Core\Types.hpp">
      <Filter>Header Files\Core</Filter>
    </ClInclude>
    <ClInclude Include="include\Zenderer\Math\Math.hpp">
      <Filter>Header Files\Math</Filter>
    </ClInclude>
    <ClInclude Include="include\Zenderer\Utilities\Log.hpp">
      <Filter>Header Files\Utilities</Filter>
    </ClInclude>
    <ClInclude Include="include\Zenderer\Core\ErrorHandling.hpp">
      <Filter>Header Files\Core</Filter>
    </ClInclude>
    <ClInclude Include="include\Zenderer\Core\Subsystem.hpp">
      <Filter>Header Files\Core</Filter>
    </ClInclude>
    <ClInclude Include="include\Zenderer\Zenderer.hpp">
      <Filter>Header Files</Filter>
    </ClInclude>
    <ClInclude Include="include\Zenderer\Graphics\Window.hpp">
      <Filter>Header Files\Graphics</Filter>
    </ClInclude>
    <ClInclude Include="include\Zenderer\Math\Vector.hpp">
      <Filter>Header Files\Math</Filter>
    </ClInclude>
    <ClInclude Include="include\Zenderer\Math\MathCore.hpp">
      <Filter>Header Files\Math</Filter>
    </ClInclude>
    <ClInclude Include="include\Zenderer\Utilities\Assert.hpp">
      <Filter>Header Files\Utilities</Filter>
    </ClInclude>
    <ClInclude Include="include\Zenderer\Assets\AssetManager.hpp">
      <Filter>Header Files\Assets</Filter>
    </ClInclude>
    <ClInclude Include="include\Zenderer\CoreGraphics\OpenGL.hpp">
      <Filter>Header Files\CoreGraphics</Filter>
    </ClInclude>
    <ClInclude Include="include\Zenderer\Utilities\Helpers.hpp">
      <Filter>Header Files\Utilities</Filter>
    </ClInclude>
    <ClInclude Include="include\Zenderer\Utilities\Utilities.hpp">
      <Filter>Header Files\Utilities</Filter>
    </ClInclude>
    <ClInclude Include="include\Zenderer\Assets\Asset.hpp">
      <Filter>Header Files\Assets</Filter>
    </ClInclude>
    <ClInclude Include="include\Zenderer\Audio\Audio2D.hpp">
      <Filter>Header Files\Audio</Filter>
    </ClInclude>
    <ClInclude Include="include\Zenderer\Audio\AudioManager.hpp">
      <Filter>Header Files\Audio</Filter>
    </ClInclude>
    <ClInclude Include="include\Zenderer\Audio\Music2D.hpp">
      <Filter>Header Files\Audio</Filter>
    </ClInclude>
    <ClInclude Include="include\Zenderer\Audio\Sound2D.hpp">
      <Filter>Header Files\Audio</Filter>
    </ClInclude>
    <ClInclude Include="include\Zenderer\Utilities\INIParser.hpp">
      <Filter>Header Files\Utilities</Filter>
    </ClInclude>
    <ClInclude Include="include\Zenderer\Utilities\XMLParser.hpp">
      <Filter>Header Files\Utilities</Filter>
    </ClInclude>
    <ClInclude Include="include\Zenderer\Utilities\Settings.hpp">
      <Filter>Header Files\Utilities</Filter>
    </ClInclude>
    <ClInclude Include="include\Zenderer\CoreGraphics\VertexArray.hpp">
      <Filter>Header Files\CoreGraphics</Filter>
    </ClInclude>
    <ClInclude Include="include\Zenderer\Core\Allocator.hpp">
      <Filter>Header Files\Core</Filter>
    </ClInclude>
  </ItemGroup>
  <ItemGroup>
    <ClCompile Include="src\Utilities\Log.cpp">
      <Filter>Source Files\Utilities</Filter>
    </ClCompile>
    <ClCompile Include="src\Zenderer.cpp">
      <Filter>Source Files</Filter>
    </ClCompile>
    <ClCompile Include="src\EngineTest.cpp">
      <Filter>Source Files</Filter>
    </ClCompile>
    <ClCompile Include="src\Utilities\Assert.cpp">
      <Filter>Source Files\Utilities</Filter>
    </ClCompile>
    <ClCompile Include="src\Core\Subsystem.cpp">
      <Filter>Source Files\Core</Filter>
    </ClCompile>
    <ClCompile Include="src\Core\ErrorHandling.cpp">
      <Filter>Source Files\Core</Filter>
    </ClCompile>
    <ClCompile Include="src\Graphics\Window.cpp">
      <Filter>Source Files\Graphics</Filter>
    </ClCompile>
    <ClCompile Include="src\Utilities\Helpers.cpp">
      <Filter>Source Files\Utilities</Filter>
    </ClCompile>
    <ClCompile Include="src\Assets\AssetManager.cpp">
      <Filter>Source Files\Assets</Filter>
    </ClCompile>
    <ClCompile Include="src\Assets\Asset.cpp">
      <Filter>Source Files\Assets</Filter>
    </ClCompile>
    <ClCompile Include="src\Audio\Audio2D.cpp">
      <Filter>Source Files\Audio</Filter>
    </ClCompile>
    <ClCompile Include="src\Audio\AudioManager.cpp">
      <Filter>Source Files\Audio</Filter>
    </ClCompile>
    <ClCompile Include="src\Audio\Music2D.cpp">
      <Filter>Source Files\Audio</Filter>
    </ClCompile>
    <ClCompile Include="src\Audio\Sound2D.cpp">
      <Filter>Source Files\Audio</Filter>
    </ClCompile>
    <ClCompile Include="src\Utilities\INIParser.cpp">
      <Filter>Source Files\Utilities</Filter>
    </ClCompile>
    <ClCompile Include="src\Utilities\XMLParser.cpp">
      <Filter>Source Files\Utilities</Filter>
    </ClCompile>
    <ClCompile Include="src\Utilities\Settings.cpp">
      <Filter>Source Files\Utilities</Filter>
    </ClCompile>
    <ClCompile Include="src\CoreGraphics\VertexArray.cpp">
      <Filter>Source Files\CoreGraphics</Filter>
    </ClCompile>
    <ClCompile Include="src\CoreGraphics\OpenGL.cpp">
      <Filter>Source Files\CoreGraphics</Filter>
    </ClCompile>
    <ClCompile Include="src\Math\MathCore.cpp">
      <Filter>Source Files\Math</Filter>
    </ClCompile>
    <ClCompile Include="src\Core\Allocator.cpp">
      <Filter>Source Files\Core</Filter>
    </ClCompile>
  </ItemGroup>
  <ItemGroup>
    <None Include="include\Zenderer\Utilities\Log.inl">
      <Filter>Header Files\Utilities</Filter>
    </None>
    <None Include="include\Zenderer\Math\MathCore.inl">
      <Filter>Header Files\Math</Filter>
    </None>
    <None Include="include\Zenderer\Math\Vector.inl">
      <Filter>Header Files\Math</Filter>
    </None>
    <None Include="include\Zenderer\Assets\Asset.inl">
      <Filter>Header Files\Assets</Filter>
    </None>
    <None Include="include\Zenderer\Assets\AssetManager.inl">
      <Filter>Header Files\Assets</Filter>
    </None>
    <None Include="include\Zenderer\Utilities\INIParser.inl">
      <Filter>Header Files\Utilities</Filter>
    </None>
  </ItemGroup>
</Project>