<?xml version="1.0" encoding="utf-8"?>
<Project ToolsVersion="4.0" xmlns="http://schemas.microsoft.com/developer/msbuild/2003">
  <ItemGroup>
    <Filter Include="Source Files">
      <UniqueIdentifier>{4FC737F1-C7A5-4376-A066-2A32D752A2FF}</UniqueIdentifier>
      <Extensions>cpp;c;cc;cxx;def;odl;idl;hpj;bat;asm;asmx</Extensions>
    </Filter>
    <Filter Include="Header Files">
      <UniqueIdentifier>{93995380-89BD-4b04-88EB-625FBE52EBFB}</UniqueIdentifier>
      <Extensions>h;hpp;hxx;hm;inl;inc;xsd</Extensions>
    </Filter>
    <Filter Include="Resource Files">
      <UniqueIdentifier>{67DA6AB6-F800-4c08-8B7A-83BB121AAD01}</UniqueIdentifier>
      <Extensions>rc;ico;cur;bmp;dlg;rc2;rct;bin;rgs;gif;jpg;jpeg;jpe;resx;tiff;tif;png;wav;mfcribbon-ms</Extensions>
    </Filter>
    <Filter Include="Header Files\Core">
      <UniqueIdentifier>{5384d83e-0f3c-4cc2-b7b9-7cd893eaebdd}</UniqueIdentifier>
    </Filter>
    <Filter Include="Header Files\Math">
      <UniqueIdentifier>{c455b9b3-8e91-4f02-9032-8c32c45d3d9f}</UniqueIdentifier>
    </Filter>
    <Filter Include="Header Files\Assets">
      <UniqueIdentifier>{24773011-ef70-408c-a961-1b37651e7666}</UniqueIdentifier>
    </Filter>
    <Filter Include="Header Files\Utilities">
      <UniqueIdentifier>{d65e253a-681e-4c10-9fd7-14eec69c2cc1}</UniqueIdentifier>
    </Filter>
    <Filter Include="Source Files\Math">
      <UniqueIdentifier>{46cdb9ea-7add-4121-950a-4f45d6f48da0}</UniqueIdentifier>
    </Filter>
    <Filter Include="Header Files\Graphics">
      <UniqueIdentifier>{e215abe6-9d09-4c5b-b2ec-bd850b58221d}</UniqueIdentifier>
    </Filter>
    <Filter Include="Source Files\Utilities">
      <UniqueIdentifier>{12f960c1-9bdf-40ab-bfef-4aeb28fbeb27}</UniqueIdentifier>
    </Filter>
    <Filter Include="Source Files\Core">
      <UniqueIdentifier>{0cec3ef8-deb2-4747-85f0-b1e3f5d338a1}</UniqueIdentifier>
    </Filter>
    <Filter Include="Source Files\Graphics">
      <UniqueIdentifier>{d6a54b57-9d0f-4264-9d22-86a184566415}</UniqueIdentifier>
    </Filter>
    <Filter Include="Source Files\Assets">
      <UniqueIdentifier>{73e43e5a-0431-45fa-afc7-85416f25ba0f}</UniqueIdentifier>
    </Filter>
    <Filter Include="Header Files\Audio">
      <UniqueIdentifier>{8715282a-7002-4047-a9e1-2abd48b87fef}</UniqueIdentifier>
    </Filter>
    <Filter Include="Source Files\Audio">
      <UniqueIdentifier>{a28ea8ef-b592-48e9-8eaa-2c1015069fe7}</UniqueIdentifier>
    </Filter>
    <Filter Include="Header Files\CoreGraphics">
      <UniqueIdentifier>{c9d471bb-6212-4171-a0fc-22d0c2f9634a}</UniqueIdentifier>
    </Filter>
    <Filter Include="Source Files\CoreGraphics">
      <UniqueIdentifier>{fba4f9ce-6e3c-4948-a8bd-aaf4dcb41114}</UniqueIdentifier>
    </Filter>
    <Filter Include="Shaders">
      <UniqueIdentifier>{eccf4115-1b92-40c8-bba8-e5183fb42d99}</UniqueIdentifier>
    </Filter>
    <Filter Include="Source Files\Libs">
      <UniqueIdentifier>{508e9b9f-99e4-4c0f-ac38-ee732879d652}</UniqueIdentifier>
    </Filter>
    <Filter Include="Header Files\Objects">
      <UniqueIdentifier>{d1fa8354-c145-49ee-a03b-8d2e8f60ceab}</UniqueIdentifier>
    </Filter>
    <Filter Include="Header Files\Events">
      <UniqueIdentifier>{eebd559c-007a-4e72-9152-695107a3f63e}</UniqueIdentifier>
    </Filter>
    <Filter Include="Header Files\GUI">
      <UniqueIdentifier>{cc172f35-0c4f-4eeb-a7e5-e16e5f5da2e6}</UniqueIdentifier>
    </Filter>
    <Filter Include="Header Files\Scripting">
      <UniqueIdentifier>{157fe084-c097-4b4a-a83d-f9be1126e291}</UniqueIdentifier>
    </Filter>
    <Filter Include="Source Files\GUI">
      <UniqueIdentifier>{42cd0e12-2503-4c52-84ad-d12a129171f7}</UniqueIdentifier>
    </Filter>
    <Filter Include="Source Files\Objects">
      <UniqueIdentifier>{418b90db-e383-40bd-a9e2-dcfdac72bc1e}</UniqueIdentifier>
    </Filter>
    <Filter Include="Source Files\Events">
      <UniqueIdentifier>{a2c6d35e-72ef-46fb-b7a0-e630c70df747}</UniqueIdentifier>
    </Filter>
    <Filter Include="Source Files\Network">
      <UniqueIdentifier>{a4b4fc94-6797-4a7b-9649-7056f770b34c}</UniqueIdentifier>
    </Filter>
    <Filter Include="Header Files\Levels">
      <UniqueIdentifier>{76bba7db-fe50-4255-ad7f-4d95adf05618}</UniqueIdentifier>
    </Filter>
    <Filter Include="Source Files\Levels">
      <UniqueIdentifier>{ac4dbb22-8830-4e33-adc7-c53322601cd0}</UniqueIdentifier>
    </Filter>
  </ItemGroup>
  <ItemGroup>
    <ClInclude Include="include\Zenderer\Core\Types.hpp">
      <Filter>Header Files\Core</Filter>
    </ClInclude>
    <ClInclude Include="include\Zenderer\Math\Math.hpp">
      <Filter>Header Files\Math</Filter>
    </ClInclude>
    <ClInclude Include="include\Zenderer\Utilities\Log.hpp">
      <Filter>Header Files\Utilities</Filter>
    </ClInclude>
    <ClInclude Include="include\Zenderer\Core\ErrorHandling.hpp">
      <Filter>Header Files\Core</Filter>
    </ClInclude>
    <ClInclude Include="include\Zenderer\Core\Subsystem.hpp">
      <Filter>Header Files\Core</Filter>
    </ClInclude>
    <ClInclude Include="include\Zenderer\Zenderer.hpp">
      <Filter>Header Files</Filter>
    </ClInclude>
    <ClInclude Include="include\Zenderer\Graphics\Window.hpp">
      <Filter>Header Files\Graphics</Filter>
    </ClInclude>
    <ClInclude Include="include\Zenderer\Math\Vector.hpp">
      <Filter>Header Files\Math</Filter>
    </ClInclude>
    <ClInclude Include="include\Zenderer\Math\MathCore.hpp">
      <Filter>Header Files\Math</Filter>
    </ClInclude>
    <ClInclude Include="include\Zenderer\Utilities\Assert.hpp">
      <Filter>Header Files\Utilities</Filter>
    </ClInclude>
    <ClInclude Include="include\Zenderer\Assets\AssetManager.hpp">
      <Filter>Header Files\Assets</Filter>
    </ClInclude>
    <ClInclude Include="include\Zenderer\CoreGraphics\OpenGL.hpp">
      <Filter>Header Files\CoreGraphics</Filter>
    </ClInclude>
    <ClInclude Include="include\Zenderer\Utilities\Helpers.hpp">
      <Filter>Header Files\Utilities</Filter>
    </ClInclude>
    <ClInclude Include="include\Zenderer\Utilities\Utilities.hpp">
      <Filter>Header Files\Utilities</Filter>
    </ClInclude>
    <ClInclude Include="include\Zenderer\Assets\Asset.hpp">
      <Filter>Header Files\Assets</Filter>
    </ClInclude>
    <ClInclude Include="include\Zenderer\Audio\Audio2D.hpp">
      <Filter>Header Files\Audio</Filter>
    </ClInclude>
    <ClInclude Include="include\Zenderer\Audio\AudioManager.hpp">
      <Filter>Header Files\Audio</Filter>
    </ClInclude>
    <ClInclude Include="include\Zenderer\Audio\Music2D.hpp">
      <Filter>Header Files\Audio</Filter>
    </ClInclude>
    <ClInclude Include="include\Zenderer\Audio\Sound2D.hpp">
      <Filter>Header Files\Audio</Filter>
    </ClInclude>
    <ClInclude Include="include\Zenderer\Utilities\INIParser.hpp">
      <Filter>Header Files\Utilities</Filter>
    </ClInclude>
    <ClInclude Include="include\Zenderer\Utilities\XMLParser.hpp">
      <Filter>Header Files\Utilities</Filter>
    </ClInclude>
    <ClInclude Include="include\Zenderer\Utilities\Settings.hpp">
      <Filter>Header Files\Utilities</Filter>
    </ClInclude>
    <ClInclude Include="include\Zenderer\CoreGraphics\VertexArray.hpp">
      <Filter>Header Files\CoreGraphics</Filter>
    </ClInclude>
    <ClInclude Include="include\Zenderer\Core\Allocator.hpp">
      <Filter>Header Files\Core</Filter>
    </ClInclude>
    <ClInclude Include="include\Zenderer\Math\Matrix.hpp">
      <Filter>Header Files\Math</Filter>
    </ClInclude>
    <ClInclude Include="include\Zenderer\CoreGraphics\ShaderSet.hpp">
      <Filter>Header Files\CoreGraphics</Filter>
    </ClInclude>
    <ClInclude Include="include\Zenderer\CoreGraphics\Shader.hpp">
      <Filter>Header Files\CoreGraphics</Filter>
    </ClInclude>
    <ClInclude Include="include\Zenderer\Graphics\Effect.hpp">
      <Filter>Header Files\Graphics</Filter>
    </ClInclude>
    <ClInclude Include="include\Zenderer\CoreGraphics\Renderer.hpp">
      <Filter>Header Files\CoreGraphics</Filter>
    </ClInclude>
    <ClInclude Include="include\Zenderer\CoreGraphics\Sorter.hpp">
      <Filter>Header Files\CoreGraphics</Filter>
    </ClInclude>
    <ClInclude Include="include\Zenderer\Graphics\Quad.hpp">
      <Filter>Header Files\Graphics</Filter>
    </ClInclude>
    <ClInclude Include="include\Zenderer\Math\Shapes.hpp">
      <Filter>Header Files\Math</Filter>
    </ClInclude>
    <ClInclude Include="include\Zenderer\Graphics\Material.hpp">
      <Filter>Header Files\Graphics</Filter>
    </ClInclude>
    <ClInclude Include="include\Zenderer\Graphics\Light.hpp">
      <Filter>Header Files\Graphics</Filter>
    </ClInclude>
    <ClInclude Include="include\Zenderer\Utilities\Timer.hpp">
      <Filter>Header Files\Utilities</Filter>
    </ClInclude>
    <ClInclude Include="include\Zenderer\CoreGraphics\Texture.hpp">
      <Filter>Header Files\CoreGraphics</Filter>
    </ClInclude>
    <ClInclude Include="include\Zenderer\Graphics\RenderTarget.hpp">
      <Filter>Header Files\Graphics</Filter>
    </ClInclude>
    <ClInclude Include="include\Zenderer\Graphics\Scene.hpp">
      <Filter>Header Files\Graphics</Filter>
    </ClInclude>
    <ClInclude Include="include\Zenderer\Objects\Entity.hpp">
      <Filter>Header Files\Objects</Filter>
    </ClInclude>
    <ClInclude Include="include\Zenderer\Events\Event.hpp">
      <Filter>Header Files\Events</Filter>
    </ClInclude>
    <ClInclude Include="include\Zenderer\Events\EventHandler.hpp">
      <Filter>Header Files\Events</Filter>
    </ClInclude>
    <ClInclude Include="include\Zenderer\Events\Keyboard.hpp">
      <Filter>Header Files\Events</Filter>
    </ClInclude>
    <ClInclude Include="include\Zenderer\Events\Mouse.hpp">
      <Filter>Header Files\Events</Filter>
    </ClInclude>
    <ClInclude Include="include\Zenderer\GUI\Font.hpp">
      <Filter>Header Files\GUI</Filter>
    </ClInclude>
    <ClInclude Include="include\Zenderer\GUI\FontCore.hpp">
      <Filter>Header Files\GUI</Filter>
    </ClInclude>
    <ClInclude Include="include\Zenderer\Scripting\Lua.hpp">
      <Filter>Header Files\Scripting</Filter>
    </ClInclude>
    <ClInclude Include="include\Zenderer\Objects\Physics.hpp">
      <Filter>Header Files\Objects</Filter>
    </ClInclude>
    <ClInclude Include="include\Zenderer\Graphics\Polygon.hpp">
      <Filter>Header Files\Graphics</Filter>
    </ClInclude>
    <ClInclude Include="include\Zenderer\GUI\Menu.hpp">
      <Filter>Header Files\GUI</Filter>
    </ClInclude>
    <ClInclude Include="include\Zenderer\GUI\Button.hpp">
      <Filter>Header Files\GUI</Filter>
    </ClInclude>
    <ClInclude Include="include\Zenderer\Network\Socket.hpp">
      <Filter>Header Files</Filter>
    </ClInclude>
    <ClInclude Include="include\Zenderer\Utilities\Random.hpp">
      <Filter>Header Files\Utilities</Filter>
    </ClInclude>
    <ClInclude Include="include\Zenderer\CoreGraphics\ShaderFiles.hpp">
      <Filter>Header Files\CoreGraphics</Filter>
    </ClInclude>
    <ClInclude Include="include\Zenderer\Levels\Level.hpp">
      <Filter>Header Files\Levels</Filter>
    </ClInclude>
    <ClInclude Include="include\Zenderer\Levels\LevelLoader.hpp">
      <Filter>Header Files\Levels</Filter>
    </ClInclude>
    <ClInclude Include="include\Zenderer\Utilities\FileParser.hpp">
      <Filter>Header Files\Utilities</Filter>
    </ClInclude>
    <ClInclude Include="include\Zenderer\Objects\Animation.hpp">
      <Filter>Header Files\Objects</Filter>
    </ClInclude>
  </ItemGroup>
  <ItemGroup>
    <ClCompile Include="src\Utilities\Log.cpp">
      <Filter>Source Files\Utilities</Filter>
    </ClCompile>
    <ClCompile Include="src\Zenderer.cpp">
      <Filter>Source Files</Filter>
    </ClCompile>
    <ClCompile Include="src\EngineTest.cpp">
      <Filter>Source Files</Filter>
    </ClCompile>
    <ClCompile Include="src\Utilities\Assert.cpp">
      <Filter>Source Files\Utilities</Filter>
    </ClCompile>
    <ClCompile Include="src\Core\Subsystem.cpp">
      <Filter>Source Files\Core</Filter>
    </ClCompile>
    <ClCompile Include="src\Core\ErrorHandling.cpp">
      <Filter>Source Files\Core</Filter>
    </ClCompile>
    <ClCompile Include="src\Graphics\Window.cpp">
      <Filter>Source Files\Graphics</Filter>
    </ClCompile>
    <ClCompile Include="src\Utilities\Helpers.cpp">
      <Filter>Source Files\Utilities</Filter>
    </ClCompile>
    <ClCompile Include="src\Assets\AssetManager.cpp">
      <Filter>Source Files\Assets</Filter>
    </ClCompile>
    <ClCompile Include="src\Assets\Asset.cpp">
      <Filter>Source Files\Assets</Filter>
    </ClCompile>
    <ClCompile Include="src\Audio\Audio2D.cpp">
      <Filter>Source Files\Audio</Filter>
    </ClCompile>
    <ClCompile Include="src\Audio\AudioManager.cpp">
      <Filter>Source Files\Audio</Filter>
    </ClCompile>
    <ClCompile Include="src\Audio\Music2D.cpp">
      <Filter>Source Files\Audio</Filter>
    </ClCompile>
    <ClCompile Include="src\Audio\Sound2D.cpp">
      <Filter>Source Files\Audio</Filter>
    </ClCompile>
    <ClCompile Include="src\Utilities\INIParser.cpp">
      <Filter>Source Files\Utilities</Filter>
    </ClCompile>
    <ClCompile Include="src\Utilities\XMLParser.cpp">
      <Filter>Source Files\Utilities</Filter>
    </ClCompile>
    <ClCompile Include="src\Utilities\Settings.cpp">
      <Filter>Source Files\Utilities</Filter>
    </ClCompile>
    <ClCompile Include="src\CoreGraphics\VertexArray.cpp">
      <Filter>Source Files\CoreGraphics</Filter>
    </ClCompile>
    <ClCompile Include="src\CoreGraphics\OpenGL.cpp">
      <Filter>Source Files\CoreGraphics</Filter>
    </ClCompile>
    <ClCompile Include="src\Math\MathCore.cpp">
      <Filter>Source Files\Math</Filter>
    </ClCompile>
    <ClCompile Include="src\Core\Allocator.cpp">
      <Filter>Source Files\Core</Filter>
    </ClCompile>
    <ClCompile Include="src\Math\Matrix.cpp">
      <Filter>Source Files\Math</Filter>
    </ClCompile>
    <ClCompile Include="src\CoreGraphics\Shader.cpp">
      <Filter>Source Files\CoreGraphics</Filter>
    </ClCompile>
    <ClCompile Include="src\CoreGraphics\ShaderSet.cpp">
      <Filter>Source Files\CoreGraphics</Filter>
    </ClCompile>
    <ClCompile Include="src\Graphics\Effect.cpp">
      <Filter>Source Files\Graphics</Filter>
    </ClCompile>
    <ClCompile Include="src\CoreGraphics\Renderer.cpp">
      <Filter>Source Files\CoreGraphics</Filter>
    </ClCompile>
    <ClCompile Include="src\Utilities\Timer.cpp">
      <Filter>Source Files\Utilities</Filter>
    </ClCompile>
    <ClCompile Include="src\Graphics\Light.cpp">
      <Filter>Source Files\Graphics</Filter>
    </ClCompile>
    <ClCompile Include="src\stb_image.c">
      <Filter>Source Files\Libs</Filter>
    </ClCompile>
    <ClCompile Include="src\Graphics\RenderTarget.cpp">
      <Filter>Source Files\Graphics</Filter>
    </ClCompile>
    <ClCompile Include="src\Graphics\Quad.cpp">
      <Filter>Source Files\Graphics</Filter>
    </ClCompile>
    <ClCompile Include="src\Graphics\Material.cpp">
      <Filter>Source Files\Graphics</Filter>
    </ClCompile>
    <ClCompile Include="src\GUI\Font.cpp">
      <Filter>Source Files\GUI</Filter>
    </ClCompile>
    <ClCompile Include="src\Objects\Entity.cpp">
      <Filter>Source Files\Objects</Filter>
    </ClCompile>
    <ClCompile Include="src\CoreGraphics\Texture.cpp">
      <Filter>Source Files\CoreGraphics</Filter>
    </ClCompile>
    <ClCompile Include="src\Events\EventHandler.cpp">
      <Filter>Source Files\Events</Filter>
    </ClCompile>
    <ClCompile Include="src\DLLMain.cpp">
      <Filter>Source Files</Filter>
    </ClCompile>
    <ClCompile Include="src\CoreGraphics\Sorter.cpp">
      <Filter>Source Files\CoreGraphics</Filter>
    </ClCompile>
    <ClCompile Include="src\Events\Mouse.cpp">
      <Filter>Source Files\Events</Filter>
    </ClCompile>
    <ClCompile Include="src\Graphics\Scene.cpp">
      <Filter>Source Files\Graphics</Filter>
    </ClCompile>
    <ClCompile Include="src\Graphics\Polygon.cpp">
      <Filter>Source Files\Graphics</Filter>
    </ClCompile>
    <ClCompile Include="src\GUI\Menu.cpp">
      <Filter>Source Files\GUI</Filter>
    </ClCompile>
    <ClCompile Include="src\GUI\Button.cpp">
      <Filter>Source Files\GUI</Filter>
    </ClCompile>
    <ClCompile Include="src\Pong.cpp">
      <Filter>Source Files</Filter>
    </ClCompile>
    <ClCompile Include="src\Network\Socket.cpp">
      <Filter>Source Files\Network</Filter>
    </ClCompile>
    <ClCompile Include="src\Utilities\FileParser.cpp">
      <Filter>Source Files\Utilities</Filter>
    </ClCompile>
    <ClCompile Include="src\Math\Shapes.cpp">
      <Filter>Source Files\Math</Filter>
    </ClCompile>
    <ClCompile Include="src\Objects\Animation.cpp">
      <Filter>Source Files\Objects</Filter>
    </ClCompile>
    <ClCompile Include="src\CollisionTest.cpp">
      <Filter>Source Files</Filter>
    </ClCompile>
  </ItemGroup>
  <ItemGroup>
    <None Include="include\Zenderer\Utilities\Log.inl">
      <Filter>Header Files\Utilities</Filter>
    </None>
    <None Include="include\Zenderer\Math\MathCore.inl">
      <Filter>Header Files\Math</Filter>
    </None>
    <None Include="include\Zenderer\Math\Vector.inl">
      <Filter>Header Files\Math</Filter>
    </None>
    <None Include="include\Zenderer\Assets\Asset.inl">
      <Filter>Header Files\Assets</Filter>
    </None>
    <None Include="include\Zenderer\Assets\AssetManager.inl">
      <Filter>Header Files\Assets</Filter>
    </None>
    <None Include="include\Zenderer\Utilities\INIParser.inl">
      <Filter>Header Files\Utilities</Filter>
    </None>
    <None Include="include\Zenderer\Graphics\Effect.inl">
      <Filter>Header Files\Graphics</Filter>
    </None>
    <None Include="include\Zenderer\CoreGraphics\Renderer.inl">
      <Filter>Header Files\CoreGraphics</Filter>
    </None>
    <None Include="data\shaders\AmbientLight.fs">
      <Filter>Shaders</Filter>
    </None>
    <None Include="data\shaders\Default.fs">
      <Filter>Shaders</Filter>
    </None>
    <None Include="data\shaders\Default.vs">
      <Filter>Shaders</Filter>
    </None>
    <None Include="data\shaders\Fade.fs">
      <Filter>Shaders</Filter>
    </None>
    <None Include="data\shaders\GaussianBlur.vs">
      <Filter>Shaders</Filter>
    </None>
    <None Include="data\shaders\GaussianBlurH.fs">
      <Filter>Shaders</Filter>
    </None>
    <None Include="data\shaders\GaussianBlurV.fs">
      <Filter>Shaders</Filter>
    </None>
    <None Include="data\shaders\Grayscale.fs">
      <Filter>Shaders</Filter>
    </None>
    <None Include="data\shaders\PointLight.fs">
      <Filter>Shaders</Filter>
    </None>
    <None Include="data\shaders\Ripple.fs">
      <Filter>Shaders</Filter>
    </None>
    <None Include="data\shaders\SpotLight.fs">
      <Filter>Shaders</Filter>
    </None>
    <None Include="include\Zenderer\Graphics\Scene.inl">
      <Filter>Header Files\Graphics</Filter>
    </None>
    <None Include="README.md" />
    <None Include="data\shaders\zFont.fs">
      <Filter>Shaders</Filter>
    </None>
    <None Include="data\shaders\Spritesheet.fs">
      <Filter>Shaders</Filter>
    </None>
  </ItemGroup>
</Project>